
Microsoft Visual Studio Solution File, Format Version 12.00
# Visual Studio Version 17
VisualStudioVersion = 17.0.31903.59
MinimumVisualStudioVersion = 10.0.40219.1
Project("{2150E333-8FDC-42A3-9474-1A3956D46DE8}") = "backend", "backend", "{1AE8ACA6-933B-BF2A-3671-3E2EAC007D16}"
EndProject
Project("{FAE04EC0-301F-11D3-BF4B-00C04F79EFBC}") = "NLayers.Api", "backend\NLayers.Api\NLayers.Api.csproj", "{57D88ED2-7940-48FB-BE7E-E9497592336B}"
EndProject
Project("{FAE04EC0-301F-11D3-BF4B-00C04F79EFBC}") = "NLayers.Core", "core\NLayers.Core\NLayers.Core.csproj", "{262CBB0F-6999-46FF-907D-12FA0AEF825D}"
EndProject
Project("{FAE04EC0-301F-11D3-BF4B-00C04F79EFBC}") = "NLayers.Presentation", "layers\NLayers.Presentation\NLayers.Presentation.csproj", "{DED83184-A447-4969-8572-952B226A78C1}"
EndProject
Project("{FAE04EC0-301F-11D3-BF4B-00C04F79EFBC}") = "NLayers.BusinessLogic", "layers\NLayers.BusinessLogic\NLayers.BusinessLogic.csproj", "{99814EA2-E763-4541-BA28-F0B497FB2660}"
EndProject
Project("{FAE04EC0-301F-11D3-BF4B-00C04F79EFBC}") = "NLayers.DataAccess", "layers\NLayers.DataAccess\NLayers.DataAccess.csproj", "{2A8331A9-AB6A-4D9D-BC6B-1B49DF12B5E5}"
EndProject
Project("{FAE04EC0-301F-11D3-BF4B-00C04F79EFBC}") = "NLayers.Entities", "layers\NLayers.Entities\NLayers.Entities.csproj", "{C69CE515-F7D2-450E-A74B-22694B1E30EF}"
EndProject
Global
	GlobalSection(SolutionConfigurationPlatforms) = preSolution
		Debug|Any CPU = Debug|Any CPU
		Debug|x64 = Debug|x64
		Debug|x86 = Debug|x86
		Release|Any CPU = Release|Any CPU
		Release|x64 = Release|x64
		Release|x86 = Release|x86
	EndGlobalSection
	GlobalSection(ProjectConfigurationPlatforms) = postSolution
		{57D88ED2-7940-48FB-BE7E-E9497592336B}.Debug|Any CPU.ActiveCfg = Debug|Any CPU
		{57D88ED2-7940-48FB-BE7E-E9497592336B}.Debug|Any CPU.Build.0 = Debug|Any CPU
		{57D88ED2-7940-48FB-BE7E-E9497592336B}.Debug|x64.ActiveCfg = Debug|Any CPU
		{57D88ED2-7940-48FB-BE7E-E9497592336B}.Debug|x64.Build.0 = Debug|Any CPU
		{57D88ED2-7940-48FB-BE7E-E9497592336B}.Debug|x86.ActiveCfg = Debug|Any CPU
		{57D88ED2-7940-48FB-BE7E-E9497592336B}.Debug|x86.Build.0 = Debug|Any CPU
		{57D88ED2-7940-48FB-BE7E-E9497592336B}.Release|Any CPU.ActiveCfg = Release|Any CPU
		{57D88ED2-7940-48FB-BE7E-E9497592336B}.Release|Any CPU.Build.0 = Release|Any CPU
		{57D88ED2-7940-48FB-BE7E-E9497592336B}.Release|x64.ActiveCfg = Release|Any CPU
		{57D88ED2-7940-48FB-BE7E-E9497592336B}.Release|x64.Build.0 = Release|Any CPU
		{57D88ED2-7940-48FB-BE7E-E9497592336B}.Release|x86.ActiveCfg = Release|Any CPU
		{57D88ED2-7940-48FB-BE7E-E9497592336B}.Release|x86.Build.0 = Release|Any CPU
		{262CBB0F-6999-46FF-907D-12FA0AEF825D}.Debug|Any CPU.ActiveCfg = Debug|Any CPU
		{262CBB0F-6999-46FF-907D-12FA0AEF825D}.Debug|Any CPU.Build.0 = Debug|Any CPU
		{262CBB0F-6999-46FF-907D-12FA0AEF825D}.Debug|x64.ActiveCfg = Debug|Any CPU
		{262CBB0F-6999-46FF-907D-12FA0AEF825D}.Debug|x64.Build.0 = Debug|Any CPU
		{262CBB0F-6999-46FF-907D-12FA0AEF825D}.Debug|x86.ActiveCfg = Debug|Any CPU
		{262CBB0F-6999-46FF-907D-12FA0AEF825D}.Debug|x86.Build.0 = Debug|Any CPU
		{262CBB0F-6999-46FF-907D-12FA0AEF825D}.Release|Any CPU.ActiveCfg = Release|Any CPU
		{262CBB0F-6999-46FF-907D-12FA0AEF825D}.Release|Any CPU.Build.0 = Release|Any CPU
		{262CBB0F-6999-46FF-907D-12FA0AEF825D}.Release|x64.ActiveCfg = Release|Any CPU
		{262CBB0F-6999-46FF-907D-12FA0AEF825D}.Release|x64.Build.0 = Release|Any CPU
		{262CBB0F-6999-46FF-907D-12FA0AEF825D}.Release|x86.ActiveCfg = Release|Any CPU
		{262CBB0F-6999-46FF-907D-12FA0AEF825D}.Release|x86.Build.0 = Release|Any CPU
		{DED83184-A447-4969-8572-952B226A78C1}.Debug|Any CPU.ActiveCfg = Debug|Any CPU
		{DED83184-A447-4969-8572-952B226A78C1}.Debug|Any CPU.Build.0 = Debug|Any CPU
		{DED83184-A447-4969-8572-952B226A78C1}.Debug|x64.ActiveCfg = Debug|Any CPU
		{DED83184-A447-4969-8572-952B226A78C1}.Debug|x64.Build.0 = Debug|Any CPU
		{DED83184-A447-4969-8572-952B226A78C1}.Debug|x86.ActiveCfg = Debug|Any CPU
		{DED83184-A447-4969-8572-952B226A78C1}.Debug|x86.Build.0 = Debug|Any CPU
		{DED83184-A447-4969-8572-952B226A78C1}.Release|Any CPU.ActiveCfg = Release|Any CPU
		{DED83184-A447-4969-8572-952B226A78C1}.Release|Any CPU.Build.0 = Release|Any CPU
		{DED83184-A447-4969-8572-952B226A78C1}.Release|x64.ActiveCfg = Release|Any CPU
		{DED83184-A447-4969-8572-952B226A78C1}.Release|x64.Build.0 = Release|Any CPU
		{DED83184-A447-4969-8572-952B226A78C1}.Release|x86.ActiveCfg = Release|Any CPU
		{DED83184-A447-4969-8572-952B226A78C1}.Release|x86.Build.0 = Release|Any CPU
		{99814EA2-E763-4541-BA28-F0B497FB2660}.Debug|Any CPU.ActiveCfg = Debug|Any CPU
		{99814EA2-E763-4541-BA28-F0B497FB2660}.Debug|Any CPU.Build.0 = Debug|Any CPU
		{99814EA2-E763-4541-BA28-F0B497FB2660}.Debug|x64.ActiveCfg = Debug|Any CPU
		{99814EA2-E763-4541-BA28-F0B497FB2660}.Debug|x64.Build.0 = Debug|Any CPU
		{99814EA2-E763-4541-BA28-F0B497FB2660}.Debug|x86.ActiveCfg = Debug|Any CPU
		{99814EA2-E763-4541-BA28-F0B497FB2660}.Debug|x86.Build.0 = Debug|Any CPU
		{99814EA2-E763-4541-BA28-F0B497FB2660}.Release|Any CPU.ActiveCfg = Release|Any CPU
		{99814EA2-E763-4541-BA28-F0B497FB2660}.Release|Any CPU.Build.0 = Release|Any CPU
		{99814EA2-E763-4541-BA28-F0B497FB2660}.Release|x64.ActiveCfg = Release|Any CPU
		{99814EA2-E763-4541-BA28-F0B497FB2660}.Release|x64.Build.0 = Release|Any CPU
		{99814EA2-E763-4541-BA28-F0B497FB2660}.Release|x86.ActiveCfg = Release|Any CPU
		{99814EA2-E763-4541-BA28-F0B497FB2660}.Release|x86.Build.0 = Release|Any CPU
		{2A8331A9-AB6A-4D9D-BC6B-1B49DF12B5E5}.Debug|Any CPU.ActiveCfg = Debug|Any CPU
		{2A8331A9-AB6A-4D9D-BC6B-1B49DF12B5E5}.Debug|Any CPU.Build.0 = Debug|Any CPU
		{2A8331A9-AB6A-4D9D-BC6B-1B49DF12B5E5}.Debug|x64.ActiveCfg = Debug|Any CPU
		{2A8331A9-AB6A-4D9D-BC6B-1B49DF12B5E5}.Debug|x64.Build.0 = Debug|Any CPU
		{2A8331A9-AB6A-4D9D-BC6B-1B49DF12B5E5}.Debug|x86.ActiveCfg = Debug|Any CPU
		{2A8331A9-AB6A-4D9D-BC6B-1B49DF12B5E5}.Debug|x86.Build.0 = Debug|Any CPU
		{2A8331A9-AB6A-4D9D-BC6B-1B49DF12B5E5}.Release|Any CPU.ActiveCfg = Release|Any CPU
		{2A8331A9-AB6A-4D9D-BC6B-1B49DF12B5E5}.Release|Any CPU.Build.0 = Release|Any CPU
		{2A8331A9-AB6A-4D9D-BC6B-1B49DF12B5E5}.Release|x64.ActiveCfg = Release|Any CPU
		{2A8331A9-AB6A-4D9D-BC6B-1B49DF12B5E5}.Release|x64.Build.0 = Release|Any CPU
		{2A8331A9-AB6A-4D9D-BC6B-1B49DF12B5E5}.Release|x86.ActiveCfg = Release|Any CPU
		{2A8331A9-AB6A-4D9D-BC6B-1B49DF12B5E5}.Release|x86.Build.0 = Release|Any CPU
		{C69CE515-F7D2-450E-A74B-22694B1E30EF}.Debug|Any CPU.ActiveCfg = Debug|Any CPU
		{C69CE515-F7D2-450E-A74B-22694B1E30EF}.Debug|Any CPU.Build.0 = Debug|Any CPU
		{C69CE515-F7D2-450E-A74B-22694B1E30EF}.Debug|x64.ActiveCfg = Debug|Any CPU
		{C69CE515-F7D2-450E-A74B-22694B1E30EF}.Debug|x64.Build.0 = Debug|Any CPU
		{C69CE515-F7D2-450E-A74B-22694B1E30EF}.Debug|x86.ActiveCfg = Debug|Any CPU
		{C69CE515-F7D2-450E-A74B-22694B1E30EF}.Debug|x86.Build.0 = Debug|Any CPU
		{C69CE515-F7D2-450E-A74B-22694B1E30EF}.Release|Any CPU.ActiveCfg = Release|Any CPU
		{C69CE515-F7D2-450E-A74B-22694B1E30EF}.Release|Any CPU.Build.0 = Release|Any CPU
		{C69CE515-F7D2-450E-A74B-22694B1E30EF}.Release|x64.ActiveCfg = Release|Any CPU
		{C69CE515-F7D2-450E-A74B-22694B1E30EF}.Release|x64.Build.0 = Release|Any CPU
		{C69CE515-F7D2-450E-A74B-22694B1E30EF}.Release|x86.ActiveCfg = Release|Any CPU
		{C69CE515-F7D2-450E-A74B-22694B1E30EF}.Release|x86.Build.0 = Release|Any CPU
	EndGlobalSection
	GlobalSection(SolutionProperties) = preSolution
		HideSolutionNode = FALSE
	EndGlobalSection
	GlobalSection(NestedProjects) = preSolution
		{57D88ED2-7940-48FB-BE7E-E9497592336B} = {1AE8ACA6-933B-BF2A-3671-3E2EAC007D16}
		{262CBB0F-6999-46FF-907D-12FA0AEF825D} = {1AE8ACA6-933B-BF2A-3671-3E2EAC007D16}
		{DED83184-A447-4969-8572-952B226A78C1} = {1AE8ACA6-933B-BF2A-3671-3E2EAC007D16}
		{99814EA2-E763-4541-BA28-F0B497FB2660} = {1AE8ACA6-933B-BF2A-3671-3E2EAC007D16}
		{2A8331A9-AB6A-4D9D-BC6B-1B49DF12B5E5} = {1AE8ACA6-933B-BF2A-3671-3E2EAC007D16}
		{C69CE515-F7D2-450E-A74B-22694B1E30EF} = {1AE8ACA6-933B-BF2A-3671-3E2EAC007D16}
	EndGlobalSection
EndGlobal
